// !$*UTF8*$!
{
	archiveVersion = 1;
	classes = {
	};
	objectVersion = 48;
	objects = {

/* Begin PBXBuildFile section */
		017E614920C2818800E94400 /* WooImage.swift in Sources */ = {isa = PBXBuildFile; fileRef = 017E60F720C2818700E94400 /* WooImage.swift */; };
		017E614A20C2818800E94400 /* WooImage.swift in Sources */ = {isa = PBXBuildFile; fileRef = 017E60F720C2818700E94400 /* WooImage.swift */; };
		017E614B20C2818800E94400 /* WooCart.swift in Sources */ = {isa = PBXBuildFile; fileRef = 017E60F820C2818700E94400 /* WooCart.swift */; };
		017E614C20C2818800E94400 /* WooCart.swift in Sources */ = {isa = PBXBuildFile; fileRef = 017E60F820C2818700E94400 /* WooCart.swift */; };
		017E614D20C2818800E94400 /* WooAttributeOrderBy.swift in Sources */ = {isa = PBXBuildFile; fileRef = 017E60FA20C2818700E94400 /* WooAttributeOrderBy.swift */; };
		017E614E20C2818800E94400 /* WooAttributeOrderBy.swift in Sources */ = {isa = PBXBuildFile; fileRef = 017E60FA20C2818700E94400 /* WooAttributeOrderBy.swift */; };
		017E614F20C2818800E94400 /* WooAttributeType.swift in Sources */ = {isa = PBXBuildFile; fileRef = 017E60FB20C2818700E94400 /* WooAttributeType.swift */; };
		017E615020C2818800E94400 /* WooAttributeType.swift in Sources */ = {isa = PBXBuildFile; fileRef = 017E60FB20C2818700E94400 /* WooAttributeType.swift */; };
		017E615120C2818800E94400 /* WooAttributeRequestParameter.swift in Sources */ = {isa = PBXBuildFile; fileRef = 017E60FC20C2818700E94400 /* WooAttributeRequestParameter.swift */; };
		017E615220C2818800E94400 /* WooAttributeRequestParameter.swift in Sources */ = {isa = PBXBuildFile; fileRef = 017E60FC20C2818700E94400 /* WooAttributeRequestParameter.swift */; };
		017E615320C2818800E94400 /* WooAttribute.swift in Sources */ = {isa = PBXBuildFile; fileRef = 017E60FD20C2818700E94400 /* WooAttribute.swift */; };
		017E615420C2818800E94400 /* WooAttribute.swift in Sources */ = {isa = PBXBuildFile; fileRef = 017E60FD20C2818700E94400 /* WooAttribute.swift */; };
		017E615520C2818800E94400 /* WooProductVariationRequestParameter.swift in Sources */ = {isa = PBXBuildFile; fileRef = 017E60FF20C2818700E94400 /* WooProductVariationRequestParameter.swift */; };
		017E615620C2818800E94400 /* WooProductVariationRequestParameter.swift in Sources */ = {isa = PBXBuildFile; fileRef = 017E60FF20C2818700E94400 /* WooProductVariationRequestParameter.swift */; };
		017E615720C2818800E94400 /* WooProductVariation.swift in Sources */ = {isa = PBXBuildFile; fileRef = 017E610020C2818700E94400 /* WooProductVariation.swift */; };
		017E615820C2818800E94400 /* WooProductVariation.swift in Sources */ = {isa = PBXBuildFile; fileRef = 017E610020C2818700E94400 /* WooProductVariation.swift */; };
		017E615920C2818800E94400 /* WooShipping.swift in Sources */ = {isa = PBXBuildFile; fileRef = 017E610120C2818700E94400 /* WooShipping.swift */; };
		017E615A20C2818800E94400 /* WooShipping.swift in Sources */ = {isa = PBXBuildFile; fileRef = 017E610120C2818700E94400 /* WooShipping.swift */; };
		017E615B20C2818800E94400 /* WooCategory.swift in Sources */ = {isa = PBXBuildFile; fileRef = 017E610320C2818700E94400 /* WooCategory.swift */; };
		017E615C20C2818800E94400 /* WooCategory.swift in Sources */ = {isa = PBXBuildFile; fileRef = 017E610320C2818700E94400 /* WooCategory.swift */; };
		017E615D20C2818800E94400 /* WooCategoryDisplay.swift in Sources */ = {isa = PBXBuildFile; fileRef = 017E610420C2818700E94400 /* WooCategoryDisplay.swift */; };
		017E615E20C2818800E94400 /* WooCategoryDisplay.swift in Sources */ = {isa = PBXBuildFile; fileRef = 017E610420C2818700E94400 /* WooCategoryDisplay.swift */; };
		017E615F20C2818800E94400 /* WooCategoryRequestParameter.swift in Sources */ = {isa = PBXBuildFile; fileRef = 017E610520C2818700E94400 /* WooCategoryRequestParameter.swift */; };
		017E616020C2818800E94400 /* WooCategoryRequestParameter.swift in Sources */ = {isa = PBXBuildFile; fileRef = 017E610520C2818700E94400 /* WooCategoryRequestParameter.swift */; };
		017E616120C2818800E94400 /* ObjectMapper+FloatTransform.swift in Sources */ = {isa = PBXBuildFile; fileRef = 017E610620C2818700E94400 /* ObjectMapper+FloatTransform.swift */; };
		017E616220C2818800E94400 /* ObjectMapper+FloatTransform.swift in Sources */ = {isa = PBXBuildFile; fileRef = 017E610620C2818700E94400 /* ObjectMapper+FloatTransform.swift */; };
		017E616320C2818800E94400 /* WooShippingClassOrderBy.swift in Sources */ = {isa = PBXBuildFile; fileRef = 017E610820C2818700E94400 /* WooShippingClassOrderBy.swift */; };
		017E616420C2818800E94400 /* WooShippingClassOrderBy.swift in Sources */ = {isa = PBXBuildFile; fileRef = 017E610820C2818700E94400 /* WooShippingClassOrderBy.swift */; };
		017E616520C2818800E94400 /* WooShippingClass.swift in Sources */ = {isa = PBXBuildFile; fileRef = 017E610920C2818700E94400 /* WooShippingClass.swift */; };
		017E616620C2818800E94400 /* WooShippingClass.swift in Sources */ = {isa = PBXBuildFile; fileRef = 017E610920C2818700E94400 /* WooShippingClass.swift */; };
		017E616720C2818800E94400 /* WooShippingClassRequestParameter.swift in Sources */ = {isa = PBXBuildFile; fileRef = 017E610A20C2818700E94400 /* WooShippingClassRequestParameter.swift */; };
		017E616820C2818800E94400 /* WooShippingClassRequestParameter.swift in Sources */ = {isa = PBXBuildFile; fileRef = 017E610A20C2818700E94400 /* WooShippingClassRequestParameter.swift */; };
		017E616920C2818800E94400 /* WooCouponRequestParameter.swift in Sources */ = {isa = PBXBuildFile; fileRef = 017E610C20C2818700E94400 /* WooCouponRequestParameter.swift */; };
		017E616A20C2818800E94400 /* WooCouponRequestParameter.swift in Sources */ = {isa = PBXBuildFile; fileRef = 017E610C20C2818700E94400 /* WooCouponRequestParameter.swift */; };
		017E616B20C2818800E94400 /* WooCouponDiscountType.swift in Sources */ = {isa = PBXBuildFile; fileRef = 017E610D20C2818700E94400 /* WooCouponDiscountType.swift */; };
		017E616C20C2818800E94400 /* WooCouponDiscountType.swift in Sources */ = {isa = PBXBuildFile; fileRef = 017E610D20C2818700E94400 /* WooCouponDiscountType.swift */; };
		017E616D20C2818800E94400 /* WooCoupon.swift in Sources */ = {isa = PBXBuildFile; fileRef = 017E610E20C2818700E94400 /* WooCoupon.swift */; };
		017E616E20C2818800E94400 /* WooCoupon.swift in Sources */ = {isa = PBXBuildFile; fileRef = 017E610E20C2818700E94400 /* WooCoupon.swift */; };
		017E616F20C2818800E94400 /* WooCouponOrderBy.swift in Sources */ = {isa = PBXBuildFile; fileRef = 017E610F20C2818700E94400 /* WooCouponOrderBy.swift */; };
		017E617020C2818800E94400 /* WooCouponOrderBy.swift in Sources */ = {isa = PBXBuildFile; fileRef = 017E610F20C2818700E94400 /* WooCouponOrderBy.swift */; };
		017E617120C2818800E94400 /* WooOrderNoteType.swift in Sources */ = {isa = PBXBuildFile; fileRef = 017E611120C2818700E94400 /* WooOrderNoteType.swift */; };
		017E617220C2818800E94400 /* WooOrderNoteType.swift in Sources */ = {isa = PBXBuildFile; fileRef = 017E611120C2818700E94400 /* WooOrderNoteType.swift */; };
		017E617320C2818800E94400 /* WooOrderNoteRequestParameter.swift in Sources */ = {isa = PBXBuildFile; fileRef = 017E611220C2818700E94400 /* WooOrderNoteRequestParameter.swift */; };
		017E617420C2818800E94400 /* WooOrderNoteRequestParameter.swift in Sources */ = {isa = PBXBuildFile; fileRef = 017E611220C2818700E94400 /* WooOrderNoteRequestParameter.swift */; };
		017E617520C2818800E94400 /* WooOrderNote.swift in Sources */ = {isa = PBXBuildFile; fileRef = 017E611320C2818700E94400 /* WooOrderNote.swift */; };
		017E617620C2818800E94400 /* WooOrderNote.swift in Sources */ = {isa = PBXBuildFile; fileRef = 017E611320C2818700E94400 /* WooOrderNote.swift */; };
		017E617720C2818800E94400 /* WooOrderInternalCoupon.swift in Sources */ = {isa = PBXBuildFile; fileRef = 017E611520C2818700E94400 /* WooOrderInternalCoupon.swift */; };
		017E617820C2818800E94400 /* WooOrderInternalCoupon.swift in Sources */ = {isa = PBXBuildFile; fileRef = 017E611520C2818700E94400 /* WooOrderInternalCoupon.swift */; };
		017E617920C2818800E94400 /* WooOrder.swift in Sources */ = {isa = PBXBuildFile; fileRef = 017E611620C2818700E94400 /* WooOrder.swift */; };
		017E617A20C2818800E94400 /* WooOrder.swift in Sources */ = {isa = PBXBuildFile; fileRef = 017E611620C2818700E94400 /* WooOrder.swift */; };
		017E617B20C2818800E94400 /* WooOrderFee.swift in Sources */ = {isa = PBXBuildFile; fileRef = 017E611720C2818700E94400 /* WooOrderFee.swift */; };
		017E617C20C2818800E94400 /* WooOrderFee.swift in Sources */ = {isa = PBXBuildFile; fileRef = 017E611720C2818700E94400 /* WooOrderFee.swift */; };
		017E617D20C2818800E94400 /* WooOrderLineItem.swift in Sources */ = {isa = PBXBuildFile; fileRef = 017E611820C2818700E94400 /* WooOrderLineItem.swift */; };
		017E617E20C2818800E94400 /* WooOrderLineItem.swift in Sources */ = {isa = PBXBuildFile; fileRef = 017E611820C2818700E94400 /* WooOrderLineItem.swift */; };
		017E617F20C2818800E94400 /* WooOrderRequestParameter.swift in Sources */ = {isa = PBXBuildFile; fileRef = 017E611920C2818700E94400 /* WooOrderRequestParameter.swift */; };
		017E618020C2818800E94400 /* WooOrderRequestParameter.swift in Sources */ = {isa = PBXBuildFile; fileRef = 017E611920C2818700E94400 /* WooOrderRequestParameter.swift */; };
		017E618120C2818800E94400 /* WooOrderTaxLine.swift in Sources */ = {isa = PBXBuildFile; fileRef = 017E611A20C2818700E94400 /* WooOrderTaxLine.swift */; };
		017E618220C2818800E94400 /* WooOrderTaxLine.swift in Sources */ = {isa = PBXBuildFile; fileRef = 017E611A20C2818700E94400 /* WooOrderTaxLine.swift */; };
		017E618320C2818800E94400 /* WooOrderRefund.swift in Sources */ = {isa = PBXBuildFile; fileRef = 017E611B20C2818700E94400 /* WooOrderRefund.swift */; };
		017E618420C2818800E94400 /* WooOrderRefund.swift in Sources */ = {isa = PBXBuildFile; fileRef = 017E611B20C2818700E94400 /* WooOrderRefund.swift */; };
		017E618520C2818800E94400 /* WooOrderShippingLine.swift in Sources */ = {isa = PBXBuildFile; fileRef = 017E611C20C2818700E94400 /* WooOrderShippingLine.swift */; };
		017E618620C2818800E94400 /* WooOrderShippingLine.swift in Sources */ = {isa = PBXBuildFile; fileRef = 017E611C20C2818700E94400 /* WooOrderShippingLine.swift */; };
		017E618720C2818800E94400 /* WooOrderStatus.swift in Sources */ = {isa = PBXBuildFile; fileRef = 017E611D20C2818700E94400 /* WooOrderStatus.swift */; };
		017E618820C2818800E94400 /* WooOrderStatus.swift in Sources */ = {isa = PBXBuildFile; fileRef = 017E611D20C2818700E94400 /* WooOrderStatus.swift */; };
		017E618920C2818800E94400 /* WooOrderTaxable.swift in Sources */ = {isa = PBXBuildFile; fileRef = 017E611E20C2818700E94400 /* WooOrderTaxable.swift */; };
		017E618A20C2818800E94400 /* WooOrderTaxable.swift in Sources */ = {isa = PBXBuildFile; fileRef = 017E611E20C2818700E94400 /* WooOrderTaxable.swift */; };
		017E618B20C2818800E94400 /* WooBilling.swift in Sources */ = {isa = PBXBuildFile; fileRef = 017E611F20C2818700E94400 /* WooBilling.swift */; };
		017E618C20C2818800E94400 /* WooBilling.swift in Sources */ = {isa = PBXBuildFile; fileRef = 017E611F20C2818700E94400 /* WooBilling.swift */; };
		017E618D20C2818800E94400 /* WooOS.swift in Sources */ = {isa = PBXBuildFile; fileRef = 017E612020C2818700E94400 /* WooOS.swift */; };
		017E618E20C2818800E94400 /* WooOS.swift in Sources */ = {isa = PBXBuildFile; fileRef = 017E612020C2818700E94400 /* WooOS.swift */; };
		017E618F20C2818800E94400 /* WooNonce.swift in Sources */ = {isa = PBXBuildFile; fileRef = 017E612220C2818700E94400 /* WooNonce.swift */; };
		017E619020C2818800E94400 /* WooNonce.swift in Sources */ = {isa = PBXBuildFile; fileRef = 017E612220C2818700E94400 /* WooNonce.swift */; };
		017E619120C2818800E94400 /* WooAPI+Authentication.swift in Sources */ = {isa = PBXBuildFile; fileRef = 017E612320C2818700E94400 /* WooAPI+Authentication.swift */; };
		017E619220C2818800E94400 /* WooAPI+Authentication.swift in Sources */ = {isa = PBXBuildFile; fileRef = 017E612320C2818700E94400 /* WooAPI+Authentication.swift */; };
		017E619320C2818800E94400 /* WooError.swift in Sources */ = {isa = PBXBuildFile; fileRef = 017E612420C2818700E94400 /* WooError.swift */; };
		017E619420C2818800E94400 /* WooError.swift in Sources */ = {isa = PBXBuildFile; fileRef = 017E612420C2818700E94400 /* WooError.swift */; };
		017E619520C2818800E94400 /* WooRequestContext.swift in Sources */ = {isa = PBXBuildFile; fileRef = 017E612520C2818700E94400 /* WooRequestContext.swift */; };
		017E619620C2818800E94400 /* WooRequestContext.swift in Sources */ = {isa = PBXBuildFile; fileRef = 017E612520C2818700E94400 /* WooRequestContext.swift */; };
		017E619720C2818800E94400 /* WooSortOrder.swift in Sources */ = {isa = PBXBuildFile; fileRef = 017E612620C2818700E94400 /* WooSortOrder.swift */; };
		017E619820C2818800E94400 /* WooSortOrder.swift in Sources */ = {isa = PBXBuildFile; fileRef = 017E612620C2818700E94400 /* WooSortOrder.swift */; };
		017E619920C2818800E94400 /* WooRequestParameter.swift in Sources */ = {isa = PBXBuildFile; fileRef = 017E612720C2818700E94400 /* WooRequestParameter.swift */; };
		017E619A20C2818800E94400 /* WooRequestParameter.swift in Sources */ = {isa = PBXBuildFile; fileRef = 017E612720C2818700E94400 /* WooRequestParameter.swift */; };
		017E619B20C2818800E94400 /* WooSortResultsBy.swift in Sources */ = {isa = PBXBuildFile; fileRef = 017E612820C2818700E94400 /* WooSortResultsBy.swift */; };
		017E619C20C2818800E94400 /* WooSortResultsBy.swift in Sources */ = {isa = PBXBuildFile; fileRef = 017E612820C2818700E94400 /* WooSortResultsBy.swift */; };
		017E619D20C2818800E94400 /* WooRequestConvertible.swift in Sources */ = {isa = PBXBuildFile; fileRef = 017E612920C2818700E94400 /* WooRequestConvertible.swift */; };
		017E619E20C2818800E94400 /* WooRequestConvertible.swift in Sources */ = {isa = PBXBuildFile; fileRef = 017E612920C2818700E94400 /* WooRequestConvertible.swift */; };
		017E619F20C2818800E94400 /* WooAPI.swift in Sources */ = {isa = PBXBuildFile; fileRef = 017E612A20C2818700E94400 /* WooAPI.swift */; };
		017E61A020C2818800E94400 /* WooAPI.swift in Sources */ = {isa = PBXBuildFile; fileRef = 017E612A20C2818700E94400 /* WooAPI.swift */; };
		017E61A120C2818800E94400 /* WooCurrency.swift in Sources */ = {isa = PBXBuildFile; fileRef = 017E612B20C2818700E94400 /* WooCurrency.swift */; };
		017E61A220C2818800E94400 /* WooCurrency.swift in Sources */ = {isa = PBXBuildFile; fileRef = 017E612B20C2818700E94400 /* WooCurrency.swift */; };
		017E61A320C2818800E94400 /* WooProductReview.swift in Sources */ = {isa = PBXBuildFile; fileRef = 017E612D20C2818700E94400 /* WooProductReview.swift */; };
		017E61A420C2818800E94400 /* WooProductReview.swift in Sources */ = {isa = PBXBuildFile; fileRef = 017E612D20C2818700E94400 /* WooProductReview.swift */; };
		017E61A520C2818800E94400 /* WooAttributeTermRequestParameter.swift in Sources */ = {isa = PBXBuildFile; fileRef = 017E612F20C2818700E94400 /* WooAttributeTermRequestParameter.swift */; };
		017E61A620C2818800E94400 /* WooAttributeTermRequestParameter.swift in Sources */ = {isa = PBXBuildFile; fileRef = 017E612F20C2818700E94400 /* WooAttributeTermRequestParameter.swift */; };
		017E61A720C2818800E94400 /* WooAttributeTerm.swift in Sources */ = {isa = PBXBuildFile; fileRef = 017E613020C2818700E94400 /* WooAttributeTerm.swift */; };
		017E61A820C2818800E94400 /* WooAttributeTerm.swift in Sources */ = {isa = PBXBuildFile; fileRef = 017E613020C2818700E94400 /* WooAttributeTerm.swift */; };
		017E61A920C2818800E94400 /* WooAttributeTermOrderBy.swift in Sources */ = {isa = PBXBuildFile; fileRef = 017E613120C2818700E94400 /* WooAttributeTermOrderBy.swift */; };
		017E61AA20C2818800E94400 /* WooAttributeTermOrderBy.swift in Sources */ = {isa = PBXBuildFile; fileRef = 017E613120C2818700E94400 /* WooAttributeTermOrderBy.swift */; };
		017E61AB20C2818800E94400 /* WooDeepLink.swift in Sources */ = {isa = PBXBuildFile; fileRef = 017E613220C2818700E94400 /* WooDeepLink.swift */; };
		017E61AC20C2818800E94400 /* WooDeepLink.swift in Sources */ = {isa = PBXBuildFile; fileRef = 017E613220C2818700E94400 /* WooDeepLink.swift */; };
		017E61AD20C2818800E94400 /* WooCustomer.swift in Sources */ = {isa = PBXBuildFile; fileRef = 017E613420C2818700E94400 /* WooCustomer.swift */; };
		017E61AE20C2818800E94400 /* WooCustomer.swift in Sources */ = {isa = PBXBuildFile; fileRef = 017E613420C2818700E94400 /* WooCustomer.swift */; };
		017E61AF20C2818800E94400 /* WooCustomerRequestParameter.swift in Sources */ = {isa = PBXBuildFile; fileRef = 017E613520C2818700E94400 /* WooCustomerRequestParameter.swift */; };
		017E61B020C2818800E94400 /* WooCustomerRequestParameter.swift in Sources */ = {isa = PBXBuildFile; fileRef = 017E613520C2818700E94400 /* WooCustomerRequestParameter.swift */; };
		017E61B120C2818800E94400 /* WooProduct.swift in Sources */ = {isa = PBXBuildFile; fileRef = 017E613720C2818700E94400 /* WooProduct.swift */; };
		017E61B220C2818800E94400 /* WooProduct.swift in Sources */ = {isa = PBXBuildFile; fileRef = 017E613720C2818700E94400 /* WooProduct.swift */; };
		017E61B320C2818800E94400 /* WooProductType.swift in Sources */ = {isa = PBXBuildFile; fileRef = 017E613820C2818700E94400 /* WooProductType.swift */; };
		017E61B420C2818800E94400 /* WooProductType.swift in Sources */ = {isa = PBXBuildFile; fileRef = 017E613820C2818700E94400 /* WooProductType.swift */; };
		017E61B520C2818800E94400 /* WooProductStatus.swift in Sources */ = {isa = PBXBuildFile; fileRef = 017E613920C2818700E94400 /* WooProductStatus.swift */; };
		017E61B620C2818800E94400 /* WooProductStatus.swift in Sources */ = {isa = PBXBuildFile; fileRef = 017E613920C2818700E94400 /* WooProductStatus.swift */; };
		017E61B720C2818800E94400 /* WooTaxStatus.swift in Sources */ = {isa = PBXBuildFile; fileRef = 017E613A20C2818700E94400 /* WooTaxStatus.swift */; };
		017E61B820C2818800E94400 /* WooTaxStatus.swift in Sources */ = {isa = PBXBuildFile; fileRef = 017E613A20C2818700E94400 /* WooTaxStatus.swift */; };
		017E61B920C2818800E94400 /* WooProductOrderBy.swift in Sources */ = {isa = PBXBuildFile; fileRef = 017E613B20C2818700E94400 /* WooProductOrderBy.swift */; };
		017E61BA20C2818800E94400 /* WooProductOrderBy.swift in Sources */ = {isa = PBXBuildFile; fileRef = 017E613B20C2818700E94400 /* WooProductOrderBy.swift */; };
		017E61BB20C2818800E94400 /* WooBackorder.swift in Sources */ = {isa = PBXBuildFile; fileRef = 017E613C20C2818700E94400 /* WooBackorder.swift */; };
		017E61BC20C2818800E94400 /* WooBackorder.swift in Sources */ = {isa = PBXBuildFile; fileRef = 017E613C20C2818700E94400 /* WooBackorder.swift */; };
		017E61BD20C2818800E94400 /* WooProductRequestParameter.swift in Sources */ = {isa = PBXBuildFile; fileRef = 017E613D20C2818700E94400 /* WooProductRequestParameter.swift */; };
		017E61BE20C2818800E94400 /* WooProductRequestParameter.swift in Sources */ = {isa = PBXBuildFile; fileRef = 017E613D20C2818700E94400 /* WooProductRequestParameter.swift */; };
		017E61BF20C2818800E94400 /* WooTaxClass.swift in Sources */ = {isa = PBXBuildFile; fileRef = 017E613E20C2818700E94400 /* WooTaxClass.swift */; };
		017E61C020C2818800E94400 /* WooTaxClass.swift in Sources */ = {isa = PBXBuildFile; fileRef = 017E613E20C2818700E94400 /* WooTaxClass.swift */; };
		017E61C120C2818800E94400 /* WooDownload.swift in Sources */ = {isa = PBXBuildFile; fileRef = 017E613F20C2818700E94400 /* WooDownload.swift */; };
		017E61C220C2818800E94400 /* WooDownload.swift in Sources */ = {isa = PBXBuildFile; fileRef = 017E613F20C2818700E94400 /* WooDownload.swift */; };
		017E61C320C2818800E94400 /* WooProductDisplay.swift in Sources */ = {isa = PBXBuildFile; fileRef = 017E614020C2818700E94400 /* WooProductDisplay.swift */; };
		017E61C420C2818800E94400 /* WooProductDisplay.swift in Sources */ = {isa = PBXBuildFile; fileRef = 017E614020C2818700E94400 /* WooProductDisplay.swift */; };
		017E61C520C2818800E94400 /* WooProductCatelogVisibility.swift in Sources */ = {isa = PBXBuildFile; fileRef = 017E614120C2818700E94400 /* WooProductCatelogVisibility.swift */; };
		017E61C620C2818800E94400 /* WooProductCatelogVisibility.swift in Sources */ = {isa = PBXBuildFile; fileRef = 017E614120C2818700E94400 /* WooProductCatelogVisibility.swift */; };
		017E61C720C2818800E94400 /* WooDimensions.swift in Sources */ = {isa = PBXBuildFile; fileRef = 017E614220C2818700E94400 /* WooDimensions.swift */; };
		017E61C820C2818800E94400 /* WooDimensions.swift in Sources */ = {isa = PBXBuildFile; fileRef = 017E614220C2818700E94400 /* WooDimensions.swift */; };
		017E61C920C2818800E94400 /* WooMetaData.swift in Sources */ = {isa = PBXBuildFile; fileRef = 017E614320C2818700E94400 /* WooMetaData.swift */; };
		017E61CA20C2818800E94400 /* WooMetaData.swift in Sources */ = {isa = PBXBuildFile; fileRef = 017E614320C2818700E94400 /* WooMetaData.swift */; };
		017E61CB20C2818800E94400 /* WooTag.swift in Sources */ = {isa = PBXBuildFile; fileRef = 017E614520C2818700E94400 /* WooTag.swift */; };
		017E61CC20C2818800E94400 /* WooTag.swift in Sources */ = {isa = PBXBuildFile; fileRef = 017E614520C2818700E94400 /* WooTag.swift */; };
		017E61CD20C2818800E94400 /* WooRefundRequestParameter.swift in Sources */ = {isa = PBXBuildFile; fileRef = 017E614720C2818700E94400 /* WooRefundRequestParameter.swift */; };
		017E61CE20C2818800E94400 /* WooRefundRequestParameter.swift in Sources */ = {isa = PBXBuildFile; fileRef = 017E614720C2818700E94400 /* WooRefundRequestParameter.swift */; };
		017E61CF20C2818800E94400 /* WooRefund.swift in Sources */ = {isa = PBXBuildFile; fileRef = 017E614820C2818700E94400 /* WooRefund.swift */; };
		017E61D020C2818800E94400 /* WooRefund.swift in Sources */ = {isa = PBXBuildFile; fileRef = 017E614820C2818700E94400 /* WooRefund.swift */; };
		239D7F033BF76321B00DADED /* Pods_wooOSTests.framework in Frameworks */ = {isa = PBXBuildFile; fileRef = 360C8E498A1E9C5F04855E03 /* Pods_wooOSTests.framework */; };
		727A4D7827D9E0F51BFE1D57 /* Pods_wooOS.framework in Frameworks */ = {isa = PBXBuildFile; fileRef = 20E64D726D7385CE40588441 /* Pods_wooOS.framework */; };
		C9251E8E201F4E7100B37ED7 /* wooOSTests.swift in Sources */ = {isa = PBXBuildFile; fileRef = C9706E35201F2E0400CE1C33 /* wooOSTests.swift */; };
		C9706E31201F2E0400CE1C33 /* wooOS.framework in Frameworks */ = {isa = PBXBuildFile; fileRef = C9706E27201F2E0400CE1C33 /* wooOS.framework */; };
		C9706E36201F2E0400CE1C33 /* wooOSTests.swift in Sources */ = {isa = PBXBuildFile; fileRef = C9706E35201F2E0400CE1C33 /* wooOSTests.swift */; };
/* End PBXBuildFile section */

/* Begin PBXContainerItemProxy section */
		C9706E32201F2E0400CE1C33 /* PBXContainerItemProxy */ = {
			isa = PBXContainerItemProxy;
			containerPortal = C9706E1E201F2E0400CE1C33 /* Project object */;
			proxyType = 1;
			remoteGlobalIDString = C9706E26201F2E0400CE1C33;
			remoteInfo = wooOS;
		};
/* End PBXContainerItemProxy section */

/* Begin PBXFileReference section */
		017E60F720C2818700E94400 /* WooImage.swift */ = {isa = PBXFileReference; fileEncoding = 4; lastKnownFileType = sourcecode.swift; path = WooImage.swift; sourceTree = "<group>"; };
		017E60F820C2818700E94400 /* WooCart.swift */ = {isa = PBXFileReference; fileEncoding = 4; lastKnownFileType = sourcecode.swift; path = WooCart.swift; sourceTree = "<group>"; };
		017E60FA20C2818700E94400 /* WooAttributeOrderBy.swift */ = {isa = PBXFileReference; fileEncoding = 4; lastKnownFileType = sourcecode.swift; path = WooAttributeOrderBy.swift; sourceTree = "<group>"; };
		017E60FB20C2818700E94400 /* WooAttributeType.swift */ = {isa = PBXFileReference; fileEncoding = 4; lastKnownFileType = sourcecode.swift; path = WooAttributeType.swift; sourceTree = "<group>"; };
		017E60FC20C2818700E94400 /* WooAttributeRequestParameter.swift */ = {isa = PBXFileReference; fileEncoding = 4; lastKnownFileType = sourcecode.swift; path = WooAttributeRequestParameter.swift; sourceTree = "<group>"; };
		017E60FD20C2818700E94400 /* WooAttribute.swift */ = {isa = PBXFileReference; fileEncoding = 4; lastKnownFileType = sourcecode.swift; path = WooAttribute.swift; sourceTree = "<group>"; };
		017E60FF20C2818700E94400 /* WooProductVariationRequestParameter.swift */ = {isa = PBXFileReference; fileEncoding = 4; lastKnownFileType = sourcecode.swift; path = WooProductVariationRequestParameter.swift; sourceTree = "<group>"; };
		017E610020C2818700E94400 /* WooProductVariation.swift */ = {isa = PBXFileReference; fileEncoding = 4; lastKnownFileType = sourcecode.swift; path = WooProductVariation.swift; sourceTree = "<group>"; };
		017E610120C2818700E94400 /* WooShipping.swift */ = {isa = PBXFileReference; fileEncoding = 4; lastKnownFileType = sourcecode.swift; path = WooShipping.swift; sourceTree = "<group>"; };
		017E610320C2818700E94400 /* WooCategory.swift */ = {isa = PBXFileReference; fileEncoding = 4; lastKnownFileType = sourcecode.swift; path = WooCategory.swift; sourceTree = "<group>"; };
		017E610420C2818700E94400 /* WooCategoryDisplay.swift */ = {isa = PBXFileReference; fileEncoding = 4; lastKnownFileType = sourcecode.swift; path = WooCategoryDisplay.swift; sourceTree = "<group>"; };
		017E610520C2818700E94400 /* WooCategoryRequestParameter.swift */ = {isa = PBXFileReference; fileEncoding = 4; lastKnownFileType = sourcecode.swift; path = WooCategoryRequestParameter.swift; sourceTree = "<group>"; };
		017E610620C2818700E94400 /* ObjectMapper+FloatTransform.swift */ = {isa = PBXFileReference; fileEncoding = 4; lastKnownFileType = sourcecode.swift; path = "ObjectMapper+FloatTransform.swift"; sourceTree = "<group>"; };
		017E610820C2818700E94400 /* WooShippingClassOrderBy.swift */ = {isa = PBXFileReference; fileEncoding = 4; lastKnownFileType = sourcecode.swift; path = WooShippingClassOrderBy.swift; sourceTree = "<group>"; };
		017E610920C2818700E94400 /* WooShippingClass.swift */ = {isa = PBXFileReference; fileEncoding = 4; lastKnownFileType = sourcecode.swift; path = WooShippingClass.swift; sourceTree = "<group>"; };
		017E610A20C2818700E94400 /* WooShippingClassRequestParameter.swift */ = {isa = PBXFileReference; fileEncoding = 4; lastKnownFileType = sourcecode.swift; path = WooShippingClassRequestParameter.swift; sourceTree = "<group>"; };
		017E610C20C2818700E94400 /* WooCouponRequestParameter.swift */ = {isa = PBXFileReference; fileEncoding = 4; lastKnownFileType = sourcecode.swift; path = WooCouponRequestParameter.swift; sourceTree = "<group>"; };
		017E610D20C2818700E94400 /* WooCouponDiscountType.swift */ = {isa = PBXFileReference; fileEncoding = 4; lastKnownFileType = sourcecode.swift; path = WooCouponDiscountType.swift; sourceTree = "<group>"; };
		017E610E20C2818700E94400 /* WooCoupon.swift */ = {isa = PBXFileReference; fileEncoding = 4; lastKnownFileType = sourcecode.swift; path = WooCoupon.swift; sourceTree = "<group>"; };
		017E610F20C2818700E94400 /* WooCouponOrderBy.swift */ = {isa = PBXFileReference; fileEncoding = 4; lastKnownFileType = sourcecode.swift; path = WooCouponOrderBy.swift; sourceTree = "<group>"; };
		017E611120C2818700E94400 /* WooOrderNoteType.swift */ = {isa = PBXFileReference; fileEncoding = 4; lastKnownFileType = sourcecode.swift; path = WooOrderNoteType.swift; sourceTree = "<group>"; };
		017E611220C2818700E94400 /* WooOrderNoteRequestParameter.swift */ = {isa = PBXFileReference; fileEncoding = 4; lastKnownFileType = sourcecode.swift; path = WooOrderNoteRequestParameter.swift; sourceTree = "<group>"; };
		017E611320C2818700E94400 /* WooOrderNote.swift */ = {isa = PBXFileReference; fileEncoding = 4; lastKnownFileType = sourcecode.swift; path = WooOrderNote.swift; sourceTree = "<group>"; };
		017E611520C2818700E94400 /* WooOrderInternalCoupon.swift */ = {isa = PBXFileReference; fileEncoding = 4; lastKnownFileType = sourcecode.swift; path = WooOrderInternalCoupon.swift; sourceTree = "<group>"; };
		017E611620C2818700E94400 /* WooOrder.swift */ = {isa = PBXFileReference; fileEncoding = 4; lastKnownFileType = sourcecode.swift; path = WooOrder.swift; sourceTree = "<group>"; };
		017E611720C2818700E94400 /* WooOrderFee.swift */ = {isa = PBXFileReference; fileEncoding = 4; lastKnownFileType = sourcecode.swift; path = WooOrderFee.swift; sourceTree = "<group>"; };
		017E611820C2818700E94400 /* WooOrderLineItem.swift */ = {isa = PBXFileReference; fileEncoding = 4; lastKnownFileType = sourcecode.swift; path = WooOrderLineItem.swift; sourceTree = "<group>"; };
		017E611920C2818700E94400 /* WooOrderRequestParameter.swift */ = {isa = PBXFileReference; fileEncoding = 4; lastKnownFileType = sourcecode.swift; path = WooOrderRequestParameter.swift; sourceTree = "<group>"; };
		017E611A20C2818700E94400 /* WooOrderTaxLine.swift */ = {isa = PBXFileReference; fileEncoding = 4; lastKnownFileType = sourcecode.swift; path = WooOrderTaxLine.swift; sourceTree = "<group>"; };
		017E611B20C2818700E94400 /* WooOrderRefund.swift */ = {isa = PBXFileReference; fileEncoding = 4; lastKnownFileType = sourcecode.swift; path = WooOrderRefund.swift; sourceTree = "<group>"; };
		017E611C20C2818700E94400 /* WooOrderShippingLine.swift */ = {isa = PBXFileReference; fileEncoding = 4; lastKnownFileType = sourcecode.swift; path = WooOrderShippingLine.swift; sourceTree = "<group>"; };
		017E611D20C2818700E94400 /* WooOrderStatus.swift */ = {isa = PBXFileReference; fileEncoding = 4; lastKnownFileType = sourcecode.swift; path = WooOrderStatus.swift; sourceTree = "<group>"; };
		017E611E20C2818700E94400 /* WooOrderTaxable.swift */ = {isa = PBXFileReference; fileEncoding = 4; lastKnownFileType = sourcecode.swift; path = WooOrderTaxable.swift; sourceTree = "<group>"; };
		017E611F20C2818700E94400 /* WooBilling.swift */ = {isa = PBXFileReference; fileEncoding = 4; lastKnownFileType = sourcecode.swift; path = WooBilling.swift; sourceTree = "<group>"; };
		017E612020C2818700E94400 /* WooOS.swift */ = {isa = PBXFileReference; fileEncoding = 4; lastKnownFileType = sourcecode.swift; path = WooOS.swift; sourceTree = "<group>"; };
		017E612220C2818700E94400 /* WooNonce.swift */ = {isa = PBXFileReference; fileEncoding = 4; lastKnownFileType = sourcecode.swift; path = WooNonce.swift; sourceTree = "<group>"; };
		017E612320C2818700E94400 /* WooAPI+Authentication.swift */ = {isa = PBXFileReference; fileEncoding = 4; lastKnownFileType = sourcecode.swift; path = "WooAPI+Authentication.swift"; sourceTree = "<group>"; };
		017E612420C2818700E94400 /* WooError.swift */ = {isa = PBXFileReference; fileEncoding = 4; lastKnownFileType = sourcecode.swift; path = WooError.swift; sourceTree = "<group>"; };
		017E612520C2818700E94400 /* WooRequestContext.swift */ = {isa = PBXFileReference; fileEncoding = 4; lastKnownFileType = sourcecode.swift; path = WooRequestContext.swift; sourceTree = "<group>"; };
		017E612620C2818700E94400 /* WooSortOrder.swift */ = {isa = PBXFileReference; fileEncoding = 4; lastKnownFileType = sourcecode.swift; path = WooSortOrder.swift; sourceTree = "<group>"; };
		017E612720C2818700E94400 /* WooRequestParameter.swift */ = {isa = PBXFileReference; fileEncoding = 4; lastKnownFileType = sourcecode.swift; path = WooRequestParameter.swift; sourceTree = "<group>"; };
		017E612820C2818700E94400 /* WooSortResultsBy.swift */ = {isa = PBXFileReference; fileEncoding = 4; lastKnownFileType = sourcecode.swift; path = WooSortResultsBy.swift; sourceTree = "<group>"; };
		017E612920C2818700E94400 /* WooRequestConvertible.swift */ = {isa = PBXFileReference; fileEncoding = 4; lastKnownFileType = sourcecode.swift; path = WooRequestConvertible.swift; sourceTree = "<group>"; };
		017E612A20C2818700E94400 /* WooAPI.swift */ = {isa = PBXFileReference; fileEncoding = 4; lastKnownFileType = sourcecode.swift; path = WooAPI.swift; sourceTree = "<group>"; };
		017E612B20C2818700E94400 /* WooCurrency.swift */ = {isa = PBXFileReference; fileEncoding = 4; lastKnownFileType = sourcecode.swift; path = WooCurrency.swift; sourceTree = "<group>"; };
		017E612D20C2818700E94400 /* WooProductReview.swift */ = {isa = PBXFileReference; fileEncoding = 4; lastKnownFileType = sourcecode.swift; path = WooProductReview.swift; sourceTree = "<group>"; };
		017E612F20C2818700E94400 /* WooAttributeTermRequestParameter.swift */ = {isa = PBXFileReference; fileEncoding = 4; lastKnownFileType = sourcecode.swift; path = WooAttributeTermRequestParameter.swift; sourceTree = "<group>"; };
		017E613020C2818700E94400 /* WooAttributeTerm.swift */ = {isa = PBXFileReference; fileEncoding = 4; lastKnownFileType = sourcecode.swift; path = WooAttributeTerm.swift; sourceTree = "<group>"; };
		017E613120C2818700E94400 /* WooAttributeTermOrderBy.swift */ = {isa = PBXFileReference; fileEncoding = 4; lastKnownFileType = sourcecode.swift; path = WooAttributeTermOrderBy.swift; sourceTree = "<group>"; };
		017E613220C2818700E94400 /* WooDeepLink.swift */ = {isa = PBXFileReference; fileEncoding = 4; lastKnownFileType = sourcecode.swift; path = WooDeepLink.swift; sourceTree = "<group>"; };
		017E613420C2818700E94400 /* WooCustomer.swift */ = {isa = PBXFileReference; fileEncoding = 4; lastKnownFileType = sourcecode.swift; path = WooCustomer.swift; sourceTree = "<group>"; };
		017E613520C2818700E94400 /* WooCustomerRequestParameter.swift */ = {isa = PBXFileReference; fileEncoding = 4; lastKnownFileType = sourcecode.swift; path = WooCustomerRequestParameter.swift; sourceTree = "<group>"; };
		017E613720C2818700E94400 /* WooProduct.swift */ = {isa = PBXFileReference; fileEncoding = 4; lastKnownFileType = sourcecode.swift; path = WooProduct.swift; sourceTree = "<group>"; };
		017E613820C2818700E94400 /* WooProductType.swift */ = {isa = PBXFileReference; fileEncoding = 4; lastKnownFileType = sourcecode.swift; path = WooProductType.swift; sourceTree = "<group>"; };
		017E613920C2818700E94400 /* WooProductStatus.swift */ = {isa = PBXFileReference; fileEncoding = 4; lastKnownFileType = sourcecode.swift; path = WooProductStatus.swift; sourceTree = "<group>"; };
		017E613A20C2818700E94400 /* WooTaxStatus.swift */ = {isa = PBXFileReference; fileEncoding = 4; lastKnownFileType = sourcecode.swift; path = WooTaxStatus.swift; sourceTree = "<group>"; };
		017E613B20C2818700E94400 /* WooProductOrderBy.swift */ = {isa = PBXFileReference; fileEncoding = 4; lastKnownFileType = sourcecode.swift; path = WooProductOrderBy.swift; sourceTree = "<group>"; };
		017E613C20C2818700E94400 /* WooBackorder.swift */ = {isa = PBXFileReference; fileEncoding = 4; lastKnownFileType = sourcecode.swift; path = WooBackorder.swift; sourceTree = "<group>"; };
		017E613D20C2818700E94400 /* WooProductRequestParameter.swift */ = {isa = PBXFileReference; fileEncoding = 4; lastKnownFileType = sourcecode.swift; path = WooProductRequestParameter.swift; sourceTree = "<group>"; };
		017E613E20C2818700E94400 /* WooTaxClass.swift */ = {isa = PBXFileReference; fileEncoding = 4; lastKnownFileType = sourcecode.swift; path = WooTaxClass.swift; sourceTree = "<group>"; };
		017E613F20C2818700E94400 /* WooDownload.swift */ = {isa = PBXFileReference; fileEncoding = 4; lastKnownFileType = sourcecode.swift; path = WooDownload.swift; sourceTree = "<group>"; };
		017E614020C2818700E94400 /* WooProductDisplay.swift */ = {isa = PBXFileReference; fileEncoding = 4; lastKnownFileType = sourcecode.swift; path = WooProductDisplay.swift; sourceTree = "<group>"; };
		017E614120C2818700E94400 /* WooProductCatelogVisibility.swift */ = {isa = PBXFileReference; fileEncoding = 4; lastKnownFileType = sourcecode.swift; path = WooProductCatelogVisibility.swift; sourceTree = "<group>"; };
		017E614220C2818700E94400 /* WooDimensions.swift */ = {isa = PBXFileReference; fileEncoding = 4; lastKnownFileType = sourcecode.swift; path = WooDimensions.swift; sourceTree = "<group>"; };
		017E614320C2818700E94400 /* WooMetaData.swift */ = {isa = PBXFileReference; fileEncoding = 4; lastKnownFileType = sourcecode.swift; path = WooMetaData.swift; sourceTree = "<group>"; };
		017E614520C2818700E94400 /* WooTag.swift */ = {isa = PBXFileReference; fileEncoding = 4; lastKnownFileType = sourcecode.swift; path = WooTag.swift; sourceTree = "<group>"; };
		017E614720C2818700E94400 /* WooRefundRequestParameter.swift */ = {isa = PBXFileReference; fileEncoding = 4; lastKnownFileType = sourcecode.swift; path = WooRefundRequestParameter.swift; sourceTree = "<group>"; };
		017E614820C2818700E94400 /* WooRefund.swift */ = {isa = PBXFileReference; fileEncoding = 4; lastKnownFileType = sourcecode.swift; path = WooRefund.swift; sourceTree = "<group>"; };
		0274F0D9F495253B2B643727 /* Pods-wooOSTests.debug.xcconfig */ = {isa = PBXFileReference; includeInIndex = 1; lastKnownFileType = text.xcconfig; name = "Pods-wooOSTests.debug.xcconfig"; path = "Pods/Target Support Files/Pods-wooOSTests/Pods-wooOSTests.debug.xcconfig"; sourceTree = "<group>"; };
		20E64D726D7385CE40588441 /* Pods_wooOS.framework */ = {isa = PBXFileReference; explicitFileType = wrapper.framework; includeInIndex = 0; path = Pods_wooOS.framework; sourceTree = BUILT_PRODUCTS_DIR; };
		25862672CD19D0AF6F08C5E1 /* Pods-wooOSTests.release.xcconfig */ = {isa = PBXFileReference; includeInIndex = 1; lastKnownFileType = text.xcconfig; name = "Pods-wooOSTests.release.xcconfig"; path = "Pods/Target Support Files/Pods-wooOSTests/Pods-wooOSTests.release.xcconfig"; sourceTree = "<group>"; };
		360C8E498A1E9C5F04855E03 /* Pods_wooOSTests.framework */ = {isa = PBXFileReference; explicitFileType = wrapper.framework; includeInIndex = 0; path = Pods_wooOSTests.framework; sourceTree = BUILT_PRODUCTS_DIR; };
		C9706E27201F2E0400CE1C33 /* wooOS.framework */ = {isa = PBXFileReference; explicitFileType = wrapper.framework; includeInIndex = 0; path = wooOS.framework; sourceTree = BUILT_PRODUCTS_DIR; };
		C9706E30201F2E0400CE1C33 /* wooOSTests.xctest */ = {isa = PBXFileReference; explicitFileType = wrapper.cfbundle; includeInIndex = 0; path = wooOSTests.xctest; sourceTree = BUILT_PRODUCTS_DIR; };
		C9706E35201F2E0400CE1C33 /* wooOSTests.swift */ = {isa = PBXFileReference; lastKnownFileType = sourcecode.swift; path = wooOSTests.swift; sourceTree = "<group>"; };
		C9706E37201F2E0400CE1C33 /* Info.plist */ = {isa = PBXFileReference; lastKnownFileType = text.plist.xml; path = Info.plist; sourceTree = "<group>"; };
		EDFFB8095957484C674475CA /* Pods-wooOS.debug.xcconfig */ = {isa = PBXFileReference; includeInIndex = 1; lastKnownFileType = text.xcconfig; name = "Pods-wooOS.debug.xcconfig"; path = "Pods/Target Support Files/Pods-wooOS/Pods-wooOS.debug.xcconfig"; sourceTree = "<group>"; };
		F554ECDB7E187329B9F9BB4A /* Pods-wooOS.release.xcconfig */ = {isa = PBXFileReference; includeInIndex = 1; lastKnownFileType = text.xcconfig; name = "Pods-wooOS.release.xcconfig"; path = "Pods/Target Support Files/Pods-wooOS/Pods-wooOS.release.xcconfig"; sourceTree = "<group>"; };
/* End PBXFileReference section */

/* Begin PBXFrameworksBuildPhase section */
		C9706E23201F2E0400CE1C33 /* Frameworks */ = {
			isa = PBXFrameworksBuildPhase;
			buildActionMask = 2147483647;
			files = (
				727A4D7827D9E0F51BFE1D57 /* Pods_wooOS.framework in Frameworks */,
			);
			runOnlyForDeploymentPostprocessing = 0;
		};
		C9706E2D201F2E0400CE1C33 /* Frameworks */ = {
			isa = PBXFrameworksBuildPhase;
			buildActionMask = 2147483647;
			files = (
				C9706E31201F2E0400CE1C33 /* wooOS.framework in Frameworks */,
				239D7F033BF76321B00DADED /* Pods_wooOSTests.framework in Frameworks */,
			);
			runOnlyForDeploymentPostprocessing = 0;
		};
/* End PBXFrameworksBuildPhase section */

/* Begin PBXGroup section */
		017E60F620C2818700E94400 /* WooOS */ = {
			isa = PBXGroup;
			children = (
				017E612020C2818700E94400 /* WooOS.swift */,
				017E60F820C2818700E94400 /* WooCart.swift */,
				017E613220C2818700E94400 /* WooDeepLink.swift */,
				017E60F720C2818700E94400 /* WooImage.swift */,
				017E611F20C2818700E94400 /* WooBilling.swift */,
				017E610120C2818700E94400 /* WooShipping.swift */,
				017E614320C2818700E94400 /* WooMetaData.swift */,
				017E612B20C2818700E94400 /* WooCurrency.swift */,
				017E612120C2818700E94400 /* WooAPI */,
				017E610B20C2818700E94400 /* WooCoupon */,
				017E613320C2818700E94400 /* WooCustomer */,
				017E611420C2818700E94400 /* WooOrder */,
				017E611020C2818700E94400 /* WooOrderNotes */,
				017E614620C2818700E94400 /* WooRefund */,
				017E613620C2818700E94400 /* WooProduct */,
				017E612C20C2818700E94400 /* WooProductReview */,
				017E60FE20C2818700E94400 /* WooProductVariation */,
				017E60F920C2818700E94400 /* WooAttribute */,
				017E612E20C2818700E94400 /* WooAttributeTerm */,
				017E610220C2818700E94400 /* WooCategory */,
				017E610720C2818700E94400 /* WooShippingClass */,
				017E614420C2818700E94400 /* WooTag */,
				017E61D120C2824000E94400 /* Extensions */,
			);
			name = WooOS;
			path = ../../Developer/Eightfold/Eightfold/WooOS;
			sourceTree = "<group>";
		};
		017E60F920C2818700E94400 /* WooAttribute */ = {
			isa = PBXGroup;
			children = (
				017E60FA20C2818700E94400 /* WooAttributeOrderBy.swift */,
				017E60FB20C2818700E94400 /* WooAttributeType.swift */,
				017E60FC20C2818700E94400 /* WooAttributeRequestParameter.swift */,
				017E60FD20C2818700E94400 /* WooAttribute.swift */,
			);
			path = WooAttribute;
			sourceTree = "<group>";
		};
		017E60FE20C2818700E94400 /* WooProductVariation */ = {
			isa = PBXGroup;
			children = (
				017E60FF20C2818700E94400 /* WooProductVariationRequestParameter.swift */,
				017E610020C2818700E94400 /* WooProductVariation.swift */,
			);
			path = WooProductVariation;
			sourceTree = "<group>";
		};
		017E610220C2818700E94400 /* WooCategory */ = {
			isa = PBXGroup;
			children = (
				017E610320C2818700E94400 /* WooCategory.swift */,
				017E610420C2818700E94400 /* WooCategoryDisplay.swift */,
				017E610520C2818700E94400 /* WooCategoryRequestParameter.swift */,
			);
			path = WooCategory;
			sourceTree = "<group>";
		};
		017E610720C2818700E94400 /* WooShippingClass */ = {
			isa = PBXGroup;
			children = (
				017E610820C2818700E94400 /* WooShippingClassOrderBy.swift */,
				017E610920C2818700E94400 /* WooShippingClass.swift */,
				017E610A20C2818700E94400 /* WooShippingClassRequestParameter.swift */,
			);
			path = WooShippingClass;
			sourceTree = "<group>";
		};
		017E610B20C2818700E94400 /* WooCoupon */ = {
			isa = PBXGroup;
			children = (
				017E610C20C2818700E94400 /* WooCouponRequestParameter.swift */,
				017E610D20C2818700E94400 /* WooCouponDiscountType.swift */,
				017E610E20C2818700E94400 /* WooCoupon.swift */,
				017E610F20C2818700E94400 /* WooCouponOrderBy.swift */,
			);
			path = WooCoupon;
			sourceTree = "<group>";
		};
		017E611020C2818700E94400 /* WooOrderNotes */ = {
			isa = PBXGroup;
			children = (
				017E611120C2818700E94400 /* WooOrderNoteType.swift */,
				017E611220C2818700E94400 /* WooOrderNoteRequestParameter.swift */,
				017E611320C2818700E94400 /* WooOrderNote.swift */,
			);
			path = WooOrderNotes;
			sourceTree = "<group>";
		};
		017E611420C2818700E94400 /* WooOrder */ = {
			isa = PBXGroup;
			children = (
				017E611520C2818700E94400 /* WooOrderInternalCoupon.swift */,
				017E611620C2818700E94400 /* WooOrder.swift */,
				017E611720C2818700E94400 /* WooOrderFee.swift */,
				017E611820C2818700E94400 /* WooOrderLineItem.swift */,
				017E611920C2818700E94400 /* WooOrderRequestParameter.swift */,
				017E611A20C2818700E94400 /* WooOrderTaxLine.swift */,
				017E611B20C2818700E94400 /* WooOrderRefund.swift */,
				017E611C20C2818700E94400 /* WooOrderShippingLine.swift */,
				017E611D20C2818700E94400 /* WooOrderStatus.swift */,
				017E611E20C2818700E94400 /* WooOrderTaxable.swift */,
			);
			path = WooOrder;
			sourceTree = "<group>";
		};
		017E612120C2818700E94400 /* WooAPI */ = {
			isa = PBXGroup;
			children = (
				017E612220C2818700E94400 /* WooNonce.swift */,
				017E612320C2818700E94400 /* WooAPI+Authentication.swift */,
				017E612420C2818700E94400 /* WooError.swift */,
				017E612520C2818700E94400 /* WooRequestContext.swift */,
				017E612620C2818700E94400 /* WooSortOrder.swift */,
				017E612720C2818700E94400 /* WooRequestParameter.swift */,
				017E612820C2818700E94400 /* WooSortResultsBy.swift */,
				017E612920C2818700E94400 /* WooRequestConvertible.swift */,
				017E612A20C2818700E94400 /* WooAPI.swift */,
			);
			path = WooAPI;
			sourceTree = "<group>";
		};
		017E612C20C2818700E94400 /* WooProductReview */ = {
			isa = PBXGroup;
			children = (
				017E612D20C2818700E94400 /* WooProductReview.swift */,
			);
			path = WooProductReview;
			sourceTree = "<group>";
		};
		017E612E20C2818700E94400 /* WooAttributeTerm */ = {
			isa = PBXGroup;
			children = (
				017E612F20C2818700E94400 /* WooAttributeTermRequestParameter.swift */,
				017E613020C2818700E94400 /* WooAttributeTerm.swift */,
				017E613120C2818700E94400 /* WooAttributeTermOrderBy.swift */,
			);
			path = WooAttributeTerm;
			sourceTree = "<group>";
		};
		017E613320C2818700E94400 /* WooCustomer */ = {
			isa = PBXGroup;
			children = (
				017E613420C2818700E94400 /* WooCustomer.swift */,
				017E613520C2818700E94400 /* WooCustomerRequestParameter.swift */,
			);
			path = WooCustomer;
			sourceTree = "<group>";
		};
		017E613620C2818700E94400 /* WooProduct */ = {
			isa = PBXGroup;
			children = (
				017E613720C2818700E94400 /* WooProduct.swift */,
				017E613820C2818700E94400 /* WooProductType.swift */,
				017E613920C2818700E94400 /* WooProductStatus.swift */,
				017E613A20C2818700E94400 /* WooTaxStatus.swift */,
				017E613B20C2818700E94400 /* WooProductOrderBy.swift */,
				017E613C20C2818700E94400 /* WooBackorder.swift */,
				017E613D20C2818700E94400 /* WooProductRequestParameter.swift */,
				017E613E20C2818700E94400 /* WooTaxClass.swift */,
				017E613F20C2818700E94400 /* WooDownload.swift */,
				017E614020C2818700E94400 /* WooProductDisplay.swift */,
				017E614120C2818700E94400 /* WooProductCatelogVisibility.swift */,
				017E614220C2818700E94400 /* WooDimensions.swift */,
			);
			path = WooProduct;
			sourceTree = "<group>";
		};
		017E614420C2818700E94400 /* WooTag */ = {
			isa = PBXGroup;
			children = (
				017E614520C2818700E94400 /* WooTag.swift */,
			);
			path = WooTag;
			sourceTree = "<group>";
		};
		017E614620C2818700E94400 /* WooRefund */ = {
			isa = PBXGroup;
			children = (
				017E614720C2818700E94400 /* WooRefundRequestParameter.swift */,
				017E614820C2818700E94400 /* WooRefund.swift */,
			);
			path = WooRefund;
			sourceTree = "<group>";
		};
		017E61D120C2824000E94400 /* Extensions */ = {
			isa = PBXGroup;
			children = (
				017E610620C2818700E94400 /* ObjectMapper+FloatTransform.swift */,
			);
			path = Extensions;
			sourceTree = "<group>";
		};
		A5C362DA40CA22687B1FAD5B /* Pods */ = {
			isa = PBXGroup;
			children = (
				EDFFB8095957484C674475CA /* Pods-wooOS.debug.xcconfig */,
				F554ECDB7E187329B9F9BB4A /* Pods-wooOS.release.xcconfig */,
				0274F0D9F495253B2B643727 /* Pods-wooOSTests.debug.xcconfig */,
				25862672CD19D0AF6F08C5E1 /* Pods-wooOSTests.release.xcconfig */,
			);
			name = Pods;
			sourceTree = "<group>";
		};
		AB6C0D1735322DB418BBBC46 /* Frameworks */ = {
			isa = PBXGroup;
			children = (
				20E64D726D7385CE40588441 /* Pods_wooOS.framework */,
				360C8E498A1E9C5F04855E03 /* Pods_wooOSTests.framework */,
			);
			name = Frameworks;
			sourceTree = "<group>";
		};
		C9706E1D201F2E0400CE1C33 = {
			isa = PBXGroup;
			children = (
				017E60F620C2818700E94400 /* WooOS */,
				C9706E34201F2E0400CE1C33 /* wooOSTests */,
				C9706E28201F2E0400CE1C33 /* Products */,
				A5C362DA40CA22687B1FAD5B /* Pods */,
				AB6C0D1735322DB418BBBC46 /* Frameworks */,
			);
			sourceTree = "<group>";
		};
		C9706E28201F2E0400CE1C33 /* Products */ = {
			isa = PBXGroup;
			children = (
				C9706E27201F2E0400CE1C33 /* wooOS.framework */,
				C9706E30201F2E0400CE1C33 /* wooOSTests.xctest */,
			);
			name = Products;
			sourceTree = "<group>";
		};
		C9706E34201F2E0400CE1C33 /* wooOSTests */ = {
			isa = PBXGroup;
			children = (
				C9706E35201F2E0400CE1C33 /* wooOSTests.swift */,
				C9706E37201F2E0400CE1C33 /* Info.plist */,
			);
			path = wooOSTests;
			sourceTree = "<group>";
		};
/* End PBXGroup section */

/* Begin PBXHeadersBuildPhase section */
		C9706E24201F2E0400CE1C33 /* Headers */ = {
			isa = PBXHeadersBuildPhase;
			buildActionMask = 2147483647;
			files = (
			);
			runOnlyForDeploymentPostprocessing = 0;
		};
/* End PBXHeadersBuildPhase section */

/* Begin PBXNativeTarget section */
		C9706E26201F2E0400CE1C33 /* wooOS */ = {
			isa = PBXNativeTarget;
			buildConfigurationList = C9706E3B201F2E0500CE1C33 /* Build configuration list for PBXNativeTarget "wooOS" */;
			buildPhases = (
				A7961D630A89270EE3A26522 /* [CP] Check Pods Manifest.lock */,
				C9706E22201F2E0400CE1C33 /* Sources */,
				C9706E23201F2E0400CE1C33 /* Frameworks */,
				C9706E24201F2E0400CE1C33 /* Headers */,
				C9706E25201F2E0400CE1C33 /* Resources */,
				4D08C635B1F239D157FDB2CF /* [CP] Copy Pods Resources */,
			);
			buildRules = (
			);
			dependencies = (
			);
			name = wooOS;
			productName = wooOS;
			productReference = C9706E27201F2E0400CE1C33 /* wooOS.framework */;
			productType = "com.apple.product-type.framework";
		};
		C9706E2F201F2E0400CE1C33 /* wooOSTests */ = {
			isa = PBXNativeTarget;
			buildConfigurationList = C9706E3E201F2E0500CE1C33 /* Build configuration list for PBXNativeTarget "wooOSTests" */;
			buildPhases = (
				E657BF306E1AD057450B16DD /* [CP] Check Pods Manifest.lock */,
				C9706E2C201F2E0400CE1C33 /* Sources */,
				C9706E2D201F2E0400CE1C33 /* Frameworks */,
				C9706E2E201F2E0400CE1C33 /* Resources */,
				7CA304A417E019349F2835A9 /* [CP] Embed Pods Frameworks */,
				CE147B5A76D6B3ECFD6B6E92 /* [CP] Copy Pods Resources */,
			);
			buildRules = (
			);
			dependencies = (
				C9706E33201F2E0400CE1C33 /* PBXTargetDependency */,
			);
			name = wooOSTests;
			productName = wooOSTests;
			productReference = C9706E30201F2E0400CE1C33 /* wooOSTests.xctest */;
			productType = "com.apple.product-type.bundle.unit-test";
		};
/* End PBXNativeTarget section */

/* Begin PBXProject section */
		C9706E1E201F2E0400CE1C33 /* Project object */ = {
			isa = PBXProject;
			attributes = {
				LastSwiftUpdateCheck = 0920;
				LastUpgradeCheck = 0920;
				ORGANIZATIONNAME = "Owly Design";
				TargetAttributes = {
					C9706E26201F2E0400CE1C33 = {
						CreatedOnToolsVersion = 9.2;
						LastSwiftMigration = 0920;
						ProvisioningStyle = Automatic;
					};
					C9706E2F201F2E0400CE1C33 = {
						CreatedOnToolsVersion = 9.2;
						ProvisioningStyle = Automatic;
					};
				};
			};
			buildConfigurationList = C9706E21201F2E0400CE1C33 /* Build configuration list for PBXProject "WooOS" */;
			compatibilityVersion = "Xcode 8.0";
			developmentRegion = en;
			hasScannedForEncodings = 0;
			knownRegions = (
				en,
			);
			mainGroup = C9706E1D201F2E0400CE1C33;
			productRefGroup = C9706E28201F2E0400CE1C33 /* Products */;
			projectDirPath = "";
			projectRoot = "";
			targets = (
				C9706E26201F2E0400CE1C33 /* wooOS */,
				C9706E2F201F2E0400CE1C33 /* wooOSTests */,
			);
		};
/* End PBXProject section */

/* Begin PBXResourcesBuildPhase section */
		C9706E25201F2E0400CE1C33 /* Resources */ = {
			isa = PBXResourcesBuildPhase;
			buildActionMask = 2147483647;
			files = (
			);
			runOnlyForDeploymentPostprocessing = 0;
		};
		C9706E2E201F2E0400CE1C33 /* Resources */ = {
			isa = PBXResourcesBuildPhase;
			buildActionMask = 2147483647;
			files = (
			);
			runOnlyForDeploymentPostprocessing = 0;
		};
/* End PBXResourcesBuildPhase section */

/* Begin PBXShellScriptBuildPhase section */
		4D08C635B1F239D157FDB2CF /* [CP] Copy Pods Resources */ = {
			isa = PBXShellScriptBuildPhase;
			buildActionMask = 2147483647;
			files = (
			);
			inputPaths = (
			);
			name = "[CP] Copy Pods Resources";
			outputPaths = (
			);
			runOnlyForDeploymentPostprocessing = 0;
			shellPath = /bin/sh;
			shellScript = "\"${SRCROOT}/Pods/Target Support Files/Pods-wooOS/Pods-wooOS-resources.sh\"\n";
			showEnvVarsInLog = 0;
		};
		7CA304A417E019349F2835A9 /* [CP] Embed Pods Frameworks */ = {
			isa = PBXShellScriptBuildPhase;
			buildActionMask = 2147483647;
			files = (
			);
			inputPaths = (
			);
			name = "[CP] Embed Pods Frameworks";
			outputPaths = (
			);
			runOnlyForDeploymentPostprocessing = 0;
			shellPath = /bin/sh;
			shellScript = "\"${SRCROOT}/Pods/Target Support Files/Pods-wooOSTests/Pods-wooOSTests-frameworks.sh\"\n";
			showEnvVarsInLog = 0;
		};
		A7961D630A89270EE3A26522 /* [CP] Check Pods Manifest.lock */ = {
			isa = PBXShellScriptBuildPhase;
			buildActionMask = 2147483647;
			files = (
			);
			inputPaths = (
			);
			name = "[CP] Check Pods Manifest.lock";
			outputPaths = (
			);
			runOnlyForDeploymentPostprocessing = 0;
			shellPath = /bin/sh;
			shellScript = "diff \"${PODS_ROOT}/../Podfile.lock\" \"${PODS_ROOT}/Manifest.lock\" > /dev/null\nif [ $? != 0 ] ; then\n    # print error to STDERR\n    echo \"error: The sandbox is not in sync with the Podfile.lock. Run 'pod install' or update your CocoaPods installation.\" >&2\n    exit 1\nfi\n";
			showEnvVarsInLog = 0;
		};
		CE147B5A76D6B3ECFD6B6E92 /* [CP] Copy Pods Resources */ = {
			isa = PBXShellScriptBuildPhase;
			buildActionMask = 2147483647;
			files = (
			);
			inputPaths = (
			);
			name = "[CP] Copy Pods Resources";
			outputPaths = (
			);
			runOnlyForDeploymentPostprocessing = 0;
			shellPath = /bin/sh;
			shellScript = "\"${SRCROOT}/Pods/Target Support Files/Pods-wooOSTests/Pods-wooOSTests-resources.sh\"\n";
			showEnvVarsInLog = 0;
		};
		E657BF306E1AD057450B16DD /* [CP] Check Pods Manifest.lock */ = {
			isa = PBXShellScriptBuildPhase;
			buildActionMask = 2147483647;
			files = (
			);
			inputPaths = (
			);
			name = "[CP] Check Pods Manifest.lock";
			outputPaths = (
			);
			runOnlyForDeploymentPostprocessing = 0;
			shellPath = /bin/sh;
			shellScript = "diff \"${PODS_ROOT}/../Podfile.lock\" \"${PODS_ROOT}/Manifest.lock\" > /dev/null\nif [ $? != 0 ] ; then\n    # print error to STDERR\n    echo \"error: The sandbox is not in sync with the Podfile.lock. Run 'pod install' or update your CocoaPods installation.\" >&2\n    exit 1\nfi\n";
			showEnvVarsInLog = 0;
		};
/* End PBXShellScriptBuildPhase section */

/* Begin PBXSourcesBuildPhase section */
		C9706E22201F2E0400CE1C33 /* Sources */ = {
			isa = PBXSourcesBuildPhase;
			buildActionMask = 2147483647;
			files = (
				017E616720C2818800E94400 /* WooShippingClassRequestParameter.swift in Sources */,
				017E615F20C2818800E94400 /* WooCategoryRequestParameter.swift in Sources */,
				017E61A120C2818800E94400 /* WooCurrency.swift in Sources */,
				017E619B20C2818800E94400 /* WooSortResultsBy.swift in Sources */,
				017E61B120C2818800E94400 /* WooProduct.swift in Sources */,
				017E616D20C2818800E94400 /* WooCoupon.swift in Sources */,
				017E61AB20C2818800E94400 /* WooDeepLink.swift in Sources */,
				017E617320C2818800E94400 /* WooOrderNoteRequestParameter.swift in Sources */,
				017E614B20C2818800E94400 /* WooCart.swift in Sources */,
				017E61A320C2818800E94400 /* WooProductReview.swift in Sources */,
				017E618D20C2818800E94400 /* WooOS.swift in Sources */,
				017E617D20C2818800E94400 /* WooOrderLineItem.swift in Sources */,
				017E617120C2818800E94400 /* WooOrderNoteType.swift in Sources */,
				017E615920C2818800E94400 /* WooShipping.swift in Sources */,
				017E61BD20C2818800E94400 /* WooProductRequestParameter.swift in Sources */,
				017E617B20C2818800E94400 /* WooOrderFee.swift in Sources */,
				017E617F20C2818800E94400 /* WooOrderRequestParameter.swift in Sources */,
				017E618F20C2818800E94400 /* WooNonce.swift in Sources */,
				017E61AF20C2818800E94400 /* WooCustomerRequestParameter.swift in Sources */,
				017E615B20C2818800E94400 /* WooCategory.swift in Sources */,
				017E617920C2818800E94400 /* WooOrder.swift in Sources */,
				017E618720C2818800E94400 /* WooOrderStatus.swift in Sources */,
				017E619920C2818800E94400 /* WooRequestParameter.swift in Sources */,
				017E614F20C2818800E94400 /* WooAttributeType.swift in Sources */,
				017E619120C2818800E94400 /* WooAPI+Authentication.swift in Sources */,
				017E61B320C2818800E94400 /* WooProductType.swift in Sources */,
				017E61BF20C2818800E94400 /* WooTaxClass.swift in Sources */,
				017E619320C2818800E94400 /* WooError.swift in Sources */,
				017E61C320C2818800E94400 /* WooProductDisplay.swift in Sources */,
				017E615120C2818800E94400 /* WooAttributeRequestParameter.swift in Sources */,
				017E618320C2818800E94400 /* WooOrderRefund.swift in Sources */,
				017E617520C2818800E94400 /* WooOrderNote.swift in Sources */,
				017E618B20C2818800E94400 /* WooBilling.swift in Sources */,
				017E616B20C2818800E94400 /* WooCouponDiscountType.swift in Sources */,
				017E61CF20C2818800E94400 /* WooRefund.swift in Sources */,
				017E61B520C2818800E94400 /* WooProductStatus.swift in Sources */,
				017E61A720C2818800E94400 /* WooAttributeTerm.swift in Sources */,
				017E61CB20C2818800E94400 /* WooTag.swift in Sources */,
				017E616320C2818800E94400 /* WooShippingClassOrderBy.swift in Sources */,
				017E61A920C2818800E94400 /* WooAttributeTermOrderBy.swift in Sources */,
				017E618120C2818800E94400 /* WooOrderTaxLine.swift in Sources */,
				017E61C920C2818800E94400 /* WooMetaData.swift in Sources */,
				017E618520C2818800E94400 /* WooOrderShippingLine.swift in Sources */,
				017E615520C2818800E94400 /* WooProductVariationRequestParameter.swift in Sources */,
				C9251E8E201F4E7100B37ED7 /* wooOSTests.swift in Sources */,
				017E61B920C2818800E94400 /* WooProductOrderBy.swift in Sources */,
				017E619720C2818800E94400 /* WooSortOrder.swift in Sources */,
				017E616920C2818800E94400 /* WooCouponRequestParameter.swift in Sources */,
				017E615320C2818800E94400 /* WooAttribute.swift in Sources */,
				017E616120C2818800E94400 /* ObjectMapper+FloatTransform.swift in Sources */,
				017E61A520C2818800E94400 /* WooAttributeTermRequestParameter.swift in Sources */,
				017E614D20C2818800E94400 /* WooAttributeOrderBy.swift in Sources */,
				017E61CD20C2818800E94400 /* WooRefundRequestParameter.swift in Sources */,
				017E61C520C2818800E94400 /* WooProductCatelogVisibility.swift in Sources */,
				017E616520C2818800E94400 /* WooShippingClass.swift in Sources */,
				017E618920C2818800E94400 /* WooOrderTaxable.swift in Sources */,
				017E614920C2818800E94400 /* WooImage.swift in Sources */,
				017E619520C2818800E94400 /* WooRequestContext.swift in Sources */,
				017E61BB20C2818800E94400 /* WooBackorder.swift in Sources */,
				017E61B720C2818800E94400 /* WooTaxStatus.swift in Sources */,
				017E61C720C2818800E94400 /* WooDimensions.swift in Sources */,
				017E61AD20C2818800E94400 /* WooCustomer.swift in Sources */,
				017E619D20C2818800E94400 /* WooRequestConvertible.swift in Sources */,
				017E615D20C2818800E94400 /* WooCategoryDisplay.swift in Sources */,
				017E615720C2818800E94400 /* WooProductVariation.swift in Sources */,
				017E619F20C2818800E94400 /* WooAPI.swift in Sources */,
				017E616F20C2818800E94400 /* WooCouponOrderBy.swift in Sources */,
				017E61C120C2818800E94400 /* WooDownload.swift in Sources */,
				017E617720C2818800E94400 /* WooOrderInternalCoupon.swift in Sources */,
			);
			runOnlyForDeploymentPostprocessing = 0;
		};
		C9706E2C201F2E0400CE1C33 /* Sources */ = {
			isa = PBXSourcesBuildPhase;
			buildActionMask = 2147483647;
			files = (
				017E61A220C2818800E94400 /* WooCurrency.swift in Sources */,
				017E617420C2818800E94400 /* WooOrderNoteRequestParameter.swift in Sources */,
				017E618420C2818800E94400 /* WooOrderRefund.swift in Sources */,
				017E615220C2818800E94400 /* WooAttributeRequestParameter.swift in Sources */,
				017E617A20C2818800E94400 /* WooOrder.swift in Sources */,
				017E615620C2818800E94400 /* WooProductVariationRequestParameter.swift in Sources */,
				017E61BE20C2818800E94400 /* WooProductRequestParameter.swift in Sources */,
				017E619620C2818800E94400 /* WooRequestContext.swift in Sources */,
				017E617220C2818800E94400 /* WooOrderNoteType.swift in Sources */,
				017E61B020C2818800E94400 /* WooCustomerRequestParameter.swift in Sources */,
				017E616020C2818800E94400 /* WooCategoryRequestParameter.swift in Sources */,
				017E614E20C2818800E94400 /* WooAttributeOrderBy.swift in Sources */,
				017E61B820C2818800E94400 /* WooTaxStatus.swift in Sources */,
				017E61CE20C2818800E94400 /* WooRefundRequestParameter.swift in Sources */,
				017E619A20C2818800E94400 /* WooRequestParameter.swift in Sources */,
				C9706E36201F2E0400CE1C33 /* wooOSTests.swift in Sources */,
				017E618E20C2818800E94400 /* WooOS.swift in Sources */,
				017E618020C2818800E94400 /* WooOrderRequestParameter.swift in Sources */,
				017E615C20C2818800E94400 /* WooCategory.swift in Sources */,
				017E619C20C2818800E94400 /* WooSortResultsBy.swift in Sources */,
				017E617020C2818800E94400 /* WooCouponOrderBy.swift in Sources */,
				017E615020C2818800E94400 /* WooAttributeType.swift in Sources */,
				017E61AC20C2818800E94400 /* WooDeepLink.swift in Sources */,
				017E616A20C2818800E94400 /* WooCouponRequestParameter.swift in Sources */,
				017E616420C2818800E94400 /* WooShippingClassOrderBy.swift in Sources */,
				017E619220C2818800E94400 /* WooAPI+Authentication.swift in Sources */,
				017E618C20C2818800E94400 /* WooBilling.swift in Sources */,
				017E615A20C2818800E94400 /* WooShipping.swift in Sources */,
				017E618620C2818800E94400 /* WooOrderShippingLine.swift in Sources */,
				017E617820C2818800E94400 /* WooOrderInternalCoupon.swift in Sources */,
				017E61B620C2818800E94400 /* WooProductStatus.swift in Sources */,
				017E61C020C2818800E94400 /* WooTaxClass.swift in Sources */,
				017E615420C2818800E94400 /* WooAttribute.swift in Sources */,
				017E61AA20C2818800E94400 /* WooAttributeTermOrderBy.swift in Sources */,
				017E61CC20C2818800E94400 /* WooTag.swift in Sources */,
				017E61BC20C2818800E94400 /* WooBackorder.swift in Sources */,
				017E61B220C2818800E94400 /* WooProduct.swift in Sources */,
				017E61C220C2818800E94400 /* WooDownload.swift in Sources */,
				017E619E20C2818800E94400 /* WooRequestConvertible.swift in Sources */,
				017E616220C2818800E94400 /* ObjectMapper+FloatTransform.swift in Sources */,
				017E61A620C2818800E94400 /* WooAttributeTermRequestParameter.swift in Sources */,
				017E618220C2818800E94400 /* WooOrderTaxLine.swift in Sources */,
				017E61A020C2818800E94400 /* WooAPI.swift in Sources */,
				017E615E20C2818800E94400 /* WooCategoryDisplay.swift in Sources */,
				017E618A20C2818800E94400 /* WooOrderTaxable.swift in Sources */,
				017E61C620C2818800E94400 /* WooProductCatelogVisibility.swift in Sources */,
				017E61C820C2818800E94400 /* WooDimensions.swift in Sources */,
				017E619820C2818800E94400 /* WooSortOrder.swift in Sources */,
				017E616820C2818800E94400 /* WooShippingClassRequestParameter.swift in Sources */,
				017E615820C2818800E94400 /* WooProductVariation.swift in Sources */,
				017E616E20C2818800E94400 /* WooCoupon.swift in Sources */,
				017E61B420C2818800E94400 /* WooProductType.swift in Sources */,
				017E61AE20C2818800E94400 /* WooCustomer.swift in Sources */,
				017E614C20C2818800E94400 /* WooCart.swift in Sources */,
				017E617620C2818800E94400 /* WooOrderNote.swift in Sources */,
				017E61A820C2818800E94400 /* WooAttributeTerm.swift in Sources */,
				017E618820C2818800E94400 /* WooOrderStatus.swift in Sources */,
				017E61C420C2818800E94400 /* WooProductDisplay.swift in Sources */,
				017E617C20C2818800E94400 /* WooOrderFee.swift in Sources */,
				017E616620C2818800E94400 /* WooShippingClass.swift in Sources */,
				017E617E20C2818800E94400 /* WooOrderLineItem.swift in Sources */,
				017E616C20C2818800E94400 /* WooCouponDiscountType.swift in Sources */,
				017E61BA20C2818800E94400 /* WooProductOrderBy.swift in Sources */,
				017E619420C2818800E94400 /* WooError.swift in Sources */,
				017E614A20C2818800E94400 /* WooImage.swift in Sources */,
				017E61A420C2818800E94400 /* WooProductReview.swift in Sources */,
				017E61D020C2818800E94400 /* WooRefund.swift in Sources */,
				017E61CA20C2818800E94400 /* WooMetaData.swift in Sources */,
				017E619020C2818800E94400 /* WooNonce.swift in Sources */,
			);
			runOnlyForDeploymentPostprocessing = 0;
		};
/* End PBXSourcesBuildPhase section */

/* Begin PBXTargetDependency section */
		C9706E33201F2E0400CE1C33 /* PBXTargetDependency */ = {
			isa = PBXTargetDependency;
			target = C9706E26201F2E0400CE1C33 /* wooOS */;
			targetProxy = C9706E32201F2E0400CE1C33 /* PBXContainerItemProxy */;
		};
/* End PBXTargetDependency section */

/* Begin XCBuildConfiguration section */
		C9706E39201F2E0400CE1C33 /* Debug */ = {
			isa = XCBuildConfiguration;
			buildSettings = {
				ALWAYS_SEARCH_USER_PATHS = NO;
				CLANG_ANALYZER_NONNULL = YES;
				CLANG_ANALYZER_NUMBER_OBJECT_CONVERSION = YES_AGGRESSIVE;
				CLANG_CXX_LANGUAGE_STANDARD = "gnu++14";
				CLANG_CXX_LIBRARY = "libc++";
				CLANG_ENABLE_MODULES = YES;
				CLANG_ENABLE_OBJC_ARC = YES;
				CLANG_WARN_BLOCK_CAPTURE_AUTORELEASING = YES;
				CLANG_WARN_BOOL_CONVERSION = YES;
				CLANG_WARN_COMMA = YES;
				CLANG_WARN_CONSTANT_CONVERSION = YES;
				CLANG_WARN_DIRECT_OBJC_ISA_USAGE = YES_ERROR;
				CLANG_WARN_DOCUMENTATION_COMMENTS = YES;
				CLANG_WARN_EMPTY_BODY = YES;
				CLANG_WARN_ENUM_CONVERSION = YES;
				CLANG_WARN_INFINITE_RECURSION = YES;
				CLANG_WARN_INT_CONVERSION = YES;
				CLANG_WARN_NON_LITERAL_NULL_CONVERSION = YES;
				CLANG_WARN_OBJC_LITERAL_CONVERSION = YES;
				CLANG_WARN_OBJC_ROOT_CLASS = YES_ERROR;
				CLANG_WARN_RANGE_LOOP_ANALYSIS = YES;
				CLANG_WARN_STRICT_PROTOTYPES = YES;
				CLANG_WARN_SUSPICIOUS_MOVE = YES;
				CLANG_WARN_UNGUARDED_AVAILABILITY = YES_AGGRESSIVE;
				CLANG_WARN_UNREACHABLE_CODE = YES;
				CLANG_WARN__DUPLICATE_METHOD_MATCH = YES;
				CODE_SIGN_IDENTITY = "iPhone Developer";
				COPY_PHASE_STRIP = NO;
				CURRENT_PROJECT_VERSION = 1;
				DEBUG_INFORMATION_FORMAT = dwarf;
				ENABLE_STRICT_OBJC_MSGSEND = YES;
				ENABLE_TESTABILITY = YES;
				GCC_C_LANGUAGE_STANDARD = gnu11;
				GCC_DYNAMIC_NO_PIC = NO;
				GCC_NO_COMMON_BLOCKS = YES;
				GCC_OPTIMIZATION_LEVEL = 0;
				GCC_PREPROCESSOR_DEFINITIONS = (
					"DEBUG=1",
					"$(inherited)",
				);
				GCC_WARN_64_TO_32_BIT_CONVERSION = YES;
				GCC_WARN_ABOUT_RETURN_TYPE = YES_ERROR;
				GCC_WARN_UNDECLARED_SELECTOR = YES;
				GCC_WARN_UNINITIALIZED_AUTOS = YES_AGGRESSIVE;
				GCC_WARN_UNUSED_FUNCTION = YES;
				GCC_WARN_UNUSED_VARIABLE = YES;
				IPHONEOS_DEPLOYMENT_TARGET = 11.2;
				MTL_ENABLE_DEBUG_INFO = YES;
				ONLY_ACTIVE_ARCH = YES;
				SDKROOT = iphoneos;
				SWIFT_ACTIVE_COMPILATION_CONDITIONS = DEBUG;
				SWIFT_OPTIMIZATION_LEVEL = "-Onone";
				VERSIONING_SYSTEM = "apple-generic";
				VERSION_INFO_PREFIX = "";
			};
			name = Debug;
		};
		C9706E3A201F2E0400CE1C33 /* Release */ = {
			isa = XCBuildConfiguration;
			buildSettings = {
				ALWAYS_SEARCH_USER_PATHS = NO;
				CLANG_ANALYZER_NONNULL = YES;
				CLANG_ANALYZER_NUMBER_OBJECT_CONVERSION = YES_AGGRESSIVE;
				CLANG_CXX_LANGUAGE_STANDARD = "gnu++14";
				CLANG_CXX_LIBRARY = "libc++";
				CLANG_ENABLE_MODULES = YES;
				CLANG_ENABLE_OBJC_ARC = YES;
				CLANG_WARN_BLOCK_CAPTURE_AUTORELEASING = YES;
				CLANG_WARN_BOOL_CONVERSION = YES;
				CLANG_WARN_COMMA = YES;
				CLANG_WARN_CONSTANT_CONVERSION = YES;
				CLANG_WARN_DIRECT_OBJC_ISA_USAGE = YES_ERROR;
				CLANG_WARN_DOCUMENTATION_COMMENTS = YES;
				CLANG_WARN_EMPTY_BODY = YES;
				CLANG_WARN_ENUM_CONVERSION = YES;
				CLANG_WARN_INFINITE_RECURSION = YES;
				CLANG_WARN_INT_CONVERSION = YES;
				CLANG_WARN_NON_LITERAL_NULL_CONVERSION = YES;
				CLANG_WARN_OBJC_LITERAL_CONVERSION = YES;
				CLANG_WARN_OBJC_ROOT_CLASS = YES_ERROR;
				CLANG_WARN_RANGE_LOOP_ANALYSIS = YES;
				CLANG_WARN_STRICT_PROTOTYPES = YES;
				CLANG_WARN_SUSPICIOUS_MOVE = YES;
				CLANG_WARN_UNGUARDED_AVAILABILITY = YES_AGGRESSIVE;
				CLANG_WARN_UNREACHABLE_CODE = YES;
				CLANG_WARN__DUPLICATE_METHOD_MATCH = YES;
				CODE_SIGN_IDENTITY = "iPhone Developer";
				COPY_PHASE_STRIP = NO;
				CURRENT_PROJECT_VERSION = 1;
				DEBUG_INFORMATION_FORMAT = "dwarf-with-dsym";
				ENABLE_NS_ASSERTIONS = NO;
				ENABLE_STRICT_OBJC_MSGSEND = YES;
				GCC_C_LANGUAGE_STANDARD = gnu11;
				GCC_NO_COMMON_BLOCKS = YES;
				GCC_WARN_64_TO_32_BIT_CONVERSION = YES;
				GCC_WARN_ABOUT_RETURN_TYPE = YES_ERROR;
				GCC_WARN_UNDECLARED_SELECTOR = YES;
				GCC_WARN_UNINITIALIZED_AUTOS = YES_AGGRESSIVE;
				GCC_WARN_UNUSED_FUNCTION = YES;
				GCC_WARN_UNUSED_VARIABLE = YES;
				IPHONEOS_DEPLOYMENT_TARGET = 11.2;
				MTL_ENABLE_DEBUG_INFO = NO;
				SDKROOT = iphoneos;
				SWIFT_OPTIMIZATION_LEVEL = "-Owholemodule";
				VALIDATE_PRODUCT = YES;
				VERSIONING_SYSTEM = "apple-generic";
				VERSION_INFO_PREFIX = "";
			};
			name = Release;
		};
		C9706E3C201F2E0500CE1C33 /* Debug */ = {
			isa = XCBuildConfiguration;
			baseConfigurationReference = EDFFB8095957484C674475CA /* Pods-wooOS.debug.xcconfig */;
			buildSettings = {
				CLANG_ENABLE_MODULES = YES;
				CODE_SIGN_IDENTITY = "";
				CODE_SIGN_STYLE = Automatic;
				DEFINES_MODULE = YES;
				DEVELOPMENT_TEAM = 9F4WXH899R;
				DYLIB_COMPATIBILITY_VERSION = 1;
				DYLIB_CURRENT_VERSION = 1;
				DYLIB_INSTALL_NAME_BASE = "@rpath";
				INFOPLIST_FILE = wooOS/Info.plist;
				INSTALL_PATH = "$(LOCAL_LIBRARY_DIR)/Frameworks";
				LD_RUNPATH_SEARCH_PATHS = "$(inherited) @executable_path/Frameworks @loader_path/Frameworks";
				PRODUCT_BUNDLE_IDENTIFIER = com.owlydesign.WooOS;
				PRODUCT_NAME = "$(TARGET_NAME:c99extidentifier)";
				SKIP_INSTALL = YES;
				SWIFT_OPTIMIZATION_LEVEL = "-Onone";
				SWIFT_VERSION = 4.0;
				TARGETED_DEVICE_FAMILY = "1,2";
			};
			name = Debug;
		};
		C9706E3D201F2E0500CE1C33 /* Release */ = {
			isa = XCBuildConfiguration;
			baseConfigurationReference = F554ECDB7E187329B9F9BB4A /* Pods-wooOS.release.xcconfig */;
			buildSettings = {
				CLANG_ENABLE_MODULES = YES;
				CODE_SIGN_IDENTITY = "";
				CODE_SIGN_STYLE = Automatic;
				DEFINES_MODULE = YES;
				DEVELOPMENT_TEAM = 9F4WXH899R;
				DYLIB_COMPATIBILITY_VERSION = 1;
				DYLIB_CURRENT_VERSION = 1;
				DYLIB_INSTALL_NAME_BASE = "@rpath";
				INFOPLIST_FILE = wooOS/Info.plist;
				INSTALL_PATH = "$(LOCAL_LIBRARY_DIR)/Frameworks";
				LD_RUNPATH_SEARCH_PATHS = "$(inherited) @executable_path/Frameworks @loader_path/Frameworks";
				PRODUCT_BUNDLE_IDENTIFIER = com.owlydesign.WooOS;
				PRODUCT_NAME = "$(TARGET_NAME:c99extidentifier)";
				SKIP_INSTALL = YES;
				SWIFT_VERSION = 4.0;
				TARGETED_DEVICE_FAMILY = "1,2";
			};
			name = Release;
		};
		C9706E3F201F2E0500CE1C33 /* Debug */ = {
			isa = XCBuildConfiguration;
			baseConfigurationReference = 0274F0D9F495253B2B643727 /* Pods-wooOSTests.debug.xcconfig */;
			buildSettings = {
				ALWAYS_EMBED_SWIFT_STANDARD_LIBRARIES = YES;
				CODE_SIGN_STYLE = Automatic;
				DEVELOPMENT_TEAM = 67AJUH7978;
				INFOPLIST_FILE = wooOSTests/Info.plist;
				LD_RUNPATH_SEARCH_PATHS = "$(inherited) @executable_path/Frameworks @loader_path/Frameworks";
				PRODUCT_BUNDLE_IDENTIFIER = com.owlydesign.wooOSTests;
				PRODUCT_NAME = "$(TARGET_NAME)";
				SWIFT_VERSION = 4.0;
				TARGETED_DEVICE_FAMILY = "1,2";
			};
			name = Debug;
		};
		C9706E40201F2E0500CE1C33 /* Release */ = {
			isa = XCBuildConfiguration;
			baseConfigurationReference = 25862672CD19D0AF6F08C5E1 /* Pods-wooOSTests.release.xcconfig */;
			buildSettings = {
				ALWAYS_EMBED_SWIFT_STANDARD_LIBRARIES = YES;
				CODE_SIGN_STYLE = Automatic;
				DEVELOPMENT_TEAM = 67AJUH7978;
				INFOPLIST_FILE = wooOSTests/Info.plist;
				LD_RUNPATH_SEARCH_PATHS = "$(inherited) @executable_path/Frameworks @loader_path/Frameworks";
				PRODUCT_BUNDLE_IDENTIFIER = com.owlydesign.wooOSTests;
				PRODUCT_NAME = "$(TARGET_NAME)";
				SWIFT_VERSION = 4.0;
				TARGETED_DEVICE_FAMILY = "1,2";
			};
			name = Release;
		};
/* End XCBuildConfiguration section */

/* Begin XCConfigurationList section */
		C9706E21201F2E0400CE1C33 /* Build configuration list for PBXProject "WooOS" */ = {
			isa = XCConfigurationList;
			buildConfigurations = (
				C9706E39201F2E0400CE1C33 /* Debug */,
				C9706E3A201F2E0400CE1C33 /* Release */,
			);
			defaultConfigurationIsVisible = 0;
			defaultConfigurationName = Release;
		};
		C9706E3B201F2E0500CE1C33 /* Build configuration list for PBXNativeTarget "wooOS" */ = {
			isa = XCConfigurationList;
			buildConfigurations = (
				C9706E3C201F2E0500CE1C33 /* Debug */,
				C9706E3D201F2E0500CE1C33 /* Release */,
			);
			defaultConfigurationIsVisible = 0;
			defaultConfigurationName = Release;
		};
		C9706E3E201F2E0500CE1C33 /* Build configuration list for PBXNativeTarget "wooOSTests" */ = {
			isa = XCConfigurationList;
			buildConfigurations = (
				C9706E3F201F2E0500CE1C33 /* Debug */,
				C9706E40201F2E0500CE1C33 /* Release */,
			);
			defaultConfigurationIsVisible = 0;
			defaultConfigurationName = Release;
		};
/* End XCConfigurationList section */
	};
	rootObject = C9706E1E201F2E0400CE1C33 /* Project object */;
}
